
Microsoft Visual Studio Solution File, Format Version 12.00
# Visual Studio Version 17
VisualStudioVersion = 17.11.35303.130
MinimumVisualStudioVersion = 10.0.40219.1
Project("{9A19103F-16F7-4668-BE54-9A1E7A4F7556}") = "Task12", "Task12\Task12.csproj", "{A689F418-9A4C-4447-A6C5-356FC7AE1010}"
EndProject
Global
	GlobalSection(SolutionConfigurationPlatforms) = preSolution
		Debug|Any CPU = Debug|Any CPU
		Release|Any CPU = Release|Any CPU
	EndGlobalSection
	GlobalSection(ProjectConfigurationPlatforms) = postSolution
		{A689F418-9A4C-4447-A6C5-356FC7AE1010}.Debug|Any CPU.ActiveCfg = Debug|Any CPU
		{A689F418-9A4C-4447-A6C5-356FC7AE1010}.Debug|Any CPU.Build.0 = Debug|Any CPU
		{A689F418-9A4C-4447-A6C5-356FC7AE1010}.Release|Any CPU.ActiveCfg = Release|Any CPU
		{A689F418-9A4C-4447-A6C5-356FC7AE1010}.Release|Any CPU.Build.0 = Release|Any CPU
	EndGlobalSection
	GlobalSection(SolutionProperties) = preSolution
		HideSolutionNode = FALSE
	EndGlobalSection
	GlobalSection(ExtensibilityGlobals) = postSolution
		SolutionGuid = {1068A323-4F2A-4C2F-8CBE-C6F3A78F01CF}
	EndGlobalSection
EndGlobal
